
Microsoft Visual Studio Solution File, Format Version 12.00
# Visual Studio Version 17
VisualStudioVersion = 17.0.31903.59
MinimumVisualStudioVersion = 10.0.40219.1
Project("{FAE04EC0-301F-11D3-BF4B-00C04F79EFBC}") = "ProofShift.Domain", "src\ProofShift.Domain\ProofShift.Domain.csproj", "{3AF90F9C-C44D-546E-95CE-9605ABEBF00B}"
EndProject
Project("{FAE04EC0-301F-11D3-BF4B-00C04F79EFBC}") = "ProofShift.Configuration", "src\ProofShift.Configuration\ProofShift.Configuration.csproj", "{820C7752-AC70-5E55-88CC-C91D616EE1E0}"
EndProject
Project("{FAE04EC0-301F-11D3-BF4B-00C04F79EFBC}") = "ProofShift.Graph", "src\ProofShift.Graph\ProofShift.Graph.csproj", "{AD699922-E148-5CA5-9FDC-E516658B2621}"
EndProject
Project("{FAE04EC0-301F-11D3-BF4B-00C04F79EFBC}") = "ProofShift.Evidence", "src\ProofShift.Evidence\ProofShift.Evidence.csproj", "{1D12C13E-4B93-5A19-93DF-B29E742A6D11}"
EndProject
Project("{FAE04EC0-301F-11D3-BF4B-00C04F79EFBC}") = "ProofShift.Recovery", "src\ProofShift.Recovery\ProofShift.Recovery.csproj", "{C0871C36-8CF9-5E63-95D4-980B42D0E9E0}"
EndProject
Project("{FAE04EC0-301F-11D3-BF4B-00C04F79EFBC}") = "ProofShift.Engine", "src\ProofShift.Engine\ProofShift.Engine.csproj", "{9C00677E-C522-5BEF-B707-E8492A1A50C9}"
EndProject
Project("{FAE04EC0-301F-11D3-BF4B-00C04F79EFBC}") = "ProofShift.Projection", "src\ProofShift.Projection\ProofShift.Projection.csproj", "{45B7CFF6-13A7-5FBF-AB88-EAD1BAE8D0C5}"
EndProject
Project("{FAE04EC0-301F-11D3-BF4B-00C04F79EFBC}") = "ProofShift.Snapshots", "src\ProofShift.Snapshots\ProofShift.Snapshots.csproj", "{A46F6C34-AAB3-4A28-94C0-81E2B8E5BE5A}"
EndProject
Project("{FAE04EC0-301F-11D3-BF4B-00C04F79EFBC}") = "ProofShift.Verification", "src\ProofShift.Verification\ProofShift.Verification.csproj", "{A8DF9579-C6E0-590F-AACF-6CE0E7942723}"
EndProject
Project("{FAE04EC0-301F-11D3-BF4B-00C04F79EFBC}") = "ProofShift.Connectors.Abstractions", "src\ProofShift.Connectors.Abstractions\ProofShift.Connectors.Abstractions.csproj", "{49771EA7-6427-52D7-8BCB-309BA31DD9EB}"
EndProject
Project("{FAE04EC0-301F-11D3-BF4B-00C04F79EFBC}") = "ProofShift.Connectors.SqlServer", "src\ProofShift.Connectors.SqlServer\ProofShift.Connectors.SqlServer.csproj", "{A19A8EFC-8D02-506A-B7D7-86A6C81C5862}"
EndProject
Project("{FAE04EC0-301F-11D3-BF4B-00C04F79EFBC}") = "ProofShift.Connectors.Postgres", "src\ProofShift.Connectors.Postgres\ProofShift.Connectors.Postgres.csproj", "{AFE9880D-C023-5F1B-9C48-ACF9DF7605AB}"
EndProject
Project("{FAE04EC0-301F-11D3-BF4B-00C04F79EFBC}") = "ProofShift.Connectors.Files", "src\ProofShift.Connectors.Files\ProofShift.Connectors.Files.csproj", "{CB997C69-B68F-5C7A-86A4-5ED306DA3C94}"
EndProject
Project("{FAE04EC0-301F-11D3-BF4B-00C04F79EFBC}") = "ProofShift.Connectors.Csv", "src\ProofShift.Connectors.Csv\ProofShift.Connectors.Csv.csproj", "{3956EB4D-977A-5E45-85FC-0C41CD6E8E00}"
EndProject
Project("{FAE04EC0-301F-11D3-BF4B-00C04F79EFBC}") = "ProofShift.Packs.Abstractions", "src\ProofShift.Packs.Abstractions\ProofShift.Packs.Abstractions.csproj", "{A5C05856-643F-591F-9585-A0FA87989AD1}"
EndProject
Project("{FAE04EC0-301F-11D3-BF4B-00C04F79EFBC}") = "ProofShift.Packs.Pension", "src\ProofShift.Packs.Pension\ProofShift.Packs.Pension.csproj", "{825D35AB-AD1C-5B08-855E-E97EE9C23BA8}"
EndProject
Project("{FAE04EC0-301F-11D3-BF4B-00C04F79EFBC}") = "ProofShift.Reporting", "src\ProofShift.Reporting\ProofShift.Reporting.csproj", "{58528178-E0DD-5785-B539-7781A2BDCBD9}"
EndProject
Project("{FAE04EC0-301F-11D3-BF4B-00C04F79EFBC}") = "ProofShift.Cli", "src\ProofShift.Cli\ProofShift.Cli.csproj", "{1E9035C8-E1BB-5A71-A661-3980BE5BB4A0}"
EndProject
Project("{FAE04EC0-301F-11D3-BF4B-00C04F79EFBC}") = "ProofShift.Domain.Tests", "tests\ProofShift.Domain.Tests\ProofShift.Domain.Tests.csproj", "{6C683288-7019-5967-A0F6-EB23C80610C3}"
EndProject
Project("{FAE04EC0-301F-11D3-BF4B-00C04F79EFBC}") = "ProofShift.Configuration.Tests", "tests\ProofShift.Configuration.Tests\ProofShift.Configuration.Tests.csproj", "{A7351210-0498-5AEF-A83E-88CC0DFC0BB5}"
EndProject
Project("{FAE04EC0-301F-11D3-BF4B-00C04F79EFBC}") = "ProofShift.Graph.Tests", "tests\ProofShift.Graph.Tests\ProofShift.Graph.Tests.csproj", "{733632C4-18AD-531C-B902-89E449F53B6B}"
EndProject
Project("{FAE04EC0-301F-11D3-BF4B-00C04F79EFBC}") = "ProofShift.Evidence.Tests", "tests\ProofShift.Evidence.Tests\ProofShift.Evidence.Tests.csproj", "{9AD4D461-CA8B-5446-A3EE-C02DEBED53DB}"
EndProject
Project("{FAE04EC0-301F-11D3-BF4B-00C04F79EFBC}") = "ProofShift.Recovery.Tests", "tests\ProofShift.Recovery.Tests\ProofShift.Recovery.Tests.csproj", "{2465BD9B-B37C-5A17-873A-7B8C62E15761}"
EndProject
Project("{FAE04EC0-301F-11D3-BF4B-00C04F79EFBC}") = "ProofShift.Engine.Tests", "tests\ProofShift.Engine.Tests\ProofShift.Engine.Tests.csproj", "{6B4C225C-348B-5C5F-8D70-6A49568428E3}"
EndProject
Project("{FAE04EC0-301F-11D3-BF4B-00C04F79EFBC}") = "ProofShift.Verification.Tests", "tests\ProofShift.Verification.Tests\ProofShift.Verification.Tests.csproj", "{DCF55DDA-D95D-5C28-8644-4D5975F912CD}"
EndProject
Project("{FAE04EC0-301F-11D3-BF4B-00C04F79EFBC}") = "ProofShift.EndToEnd.Tests", "tests\ProofShift.EndToEnd.Tests\ProofShift.EndToEnd.Tests.csproj", "{FDAE566E-232F-57C8-BF03-B69689287858}"
EndProject
Project("{2150E333-8FDC-42A3-9474-1A3956D46DE8}") = "src", "src", "{827E0CD3-B72D-47B6-A68D-7590B98EB39B}"
EndProject
Project("{FAE04EC0-301F-11D3-BF4B-00C04F79EFBC}") = "ProofShift.Connectors.Oracle", "src\ProofShift.Connectors.Oracle\ProofShift.Connectors.Oracle.csproj", "{0715B0EC-ED30-4A62-ABD4-FFEF5AC5AD30}"
EndProject
Project("{FAE04EC0-301F-11D3-BF4B-00C04F79EFBC}") = "ProofShift.Connectors.StructuredFiles", "src\ProofShift.Connectors.StructuredFiles\ProofShift.Connectors.StructuredFiles.csproj", "{429E5281-DA07-4922-A269-3522FCBAC063}"
EndProject
Project("{FAE04EC0-301F-11D3-BF4B-00C04F79EFBC}") = "ProofShift.Connectors.Db2", "src\ProofShift.Connectors.Db2\ProofShift.Connectors.Db2.csproj", "{5D4CFC5A-2A03-48E3-A1E1-0D98372DB0D3}"
EndProject
Project("{2150E333-8FDC-42A3-9474-1A3956D46DE8}") = "tests", "tests", "{0AB3BF05-4346-4AA6-1389-037BE0695223}"
EndProject
Project("{FAE04EC0-301F-11D3-BF4B-00C04F79EFBC}") = "ProofShift.Connectors.Db2.Tests", "tests\ProofShift.Connectors.Db2.Tests\ProofShift.Connectors.Db2.Tests.csproj", "{527F1BF6-5223-4F68-8F30-ABB5ACE7A9B8}"
EndProject
Project("{FAE04EC0-301F-11D3-BF4B-00C04F79EFBC}") = "ProofShift.Connectors.Oracle.Tests", "tests\ProofShift.Connectors.Oracle.Tests\ProofShift.Connectors.Oracle.Tests.csproj", "{5191EB33-545E-4A02-8392-092626D66ECC}"
EndProject
Project("{FAE04EC0-301F-11D3-BF4B-00C04F79EFBC}") = "ProofShift.Connectors.RemoteObjects", "src\ProofShift.Connectors.RemoteObjects\ProofShift.Connectors.RemoteObjects.csproj", "{BD0F4456-23C8-4C41-ADC9-E03082186C25}"
EndProject
Project("{FAE04EC0-301F-11D3-BF4B-00C04F79EFBC}") = "ProofShift.Connectors.RemoteObjects.Tests", "tests\ProofShift.Connectors.RemoteObjects.Tests\ProofShift.Connectors.RemoteObjects.Tests.csproj", "{21A91284-5ACB-4F7B-A95A-E6E2F9DF33A0}"
EndProject
Project("{FAE04EC0-301F-11D3-BF4B-00C04F79EFBC}") = "ProofShift.Connectors.S3", "src\ProofShift.Connectors.S3\ProofShift.Connectors.S3.csproj", "{EE3E45F9-7E26-48EB-9FC2-53E187C2EB7E}"
EndProject
Project("{FAE04EC0-301F-11D3-BF4B-00C04F79EFBC}") = "ProofShift.Connectors.RemoteStorage.Tests", "tests\ProofShift.Connectors.RemoteStorage.Tests\ProofShift.Connectors.RemoteStorage.Tests.csproj", "{144B6835-C87E-4D77-97FF-F55F45EF1D3D}"
EndProject
Project("{FAE04EC0-301F-11D3-BF4B-00C04F79EFBC}") = "ProofShift.Connectors.AzureBlob", "src\ProofShift.Connectors.AzureBlob\ProofShift.Connectors.AzureBlob.csproj", "{A4C040D1-1EE0-41D3-B965-665574AAD405}"
EndProject
Project("{FAE04EC0-301F-11D3-BF4B-00C04F79EFBC}") = "ProofShift.Connectors.Sftp", "src\ProofShift.Connectors.Sftp\ProofShift.Connectors.Sftp.csproj", "{8ADA7ACC-0A8D-44F6-A15B-2DE01CB7BDEE}"
EndProject
Global
	GlobalSection(SolutionConfigurationPlatforms) = preSolution
		Debug|Any CPU = Debug|Any CPU
		Debug|x64 = Debug|x64
		Debug|x86 = Debug|x86
		Release|Any CPU = Release|Any CPU
		Release|x64 = Release|x64
		Release|x86 = Release|x86
	EndGlobalSection
	GlobalSection(ProjectConfigurationPlatforms) = postSolution
		{3AF90F9C-C44D-546E-95CE-9605ABEBF00B}.Debug|Any CPU.ActiveCfg = Debug|Any CPU
		{3AF90F9C-C44D-546E-95CE-9605ABEBF00B}.Debug|Any CPU.Build.0 = Debug|Any CPU
		{3AF90F9C-C44D-546E-95CE-9605ABEBF00B}.Debug|x64.ActiveCfg = Debug|Any CPU
		{3AF90F9C-C44D-546E-95CE-9605ABEBF00B}.Debug|x64.Build.0 = Debug|Any CPU
		{3AF90F9C-C44D-546E-95CE-9605ABEBF00B}.Debug|x86.ActiveCfg = Debug|Any CPU
		{3AF90F9C-C44D-546E-95CE-9605ABEBF00B}.Debug|x86.Build.0 = Debug|Any CPU
		{3AF90F9C-C44D-546E-95CE-9605ABEBF00B}.Release|Any CPU.ActiveCfg = Release|Any CPU
		{3AF90F9C-C44D-546E-95CE-9605ABEBF00B}.Release|Any CPU.Build.0 = Release|Any CPU
		{3AF90F9C-C44D-546E-95CE-9605ABEBF00B}.Release|x64.ActiveCfg = Release|Any CPU
		{3AF90F9C-C44D-546E-95CE-9605ABEBF00B}.Release|x64.Build.0 = Release|Any CPU
		{3AF90F9C-C44D-546E-95CE-9605ABEBF00B}.Release|x86.ActiveCfg = Release|Any CPU
		{3AF90F9C-C44D-546E-95CE-9605ABEBF00B}.Release|x86.Build.0 = Release|Any CPU
		{820C7752-AC70-5E55-88CC-C91D616EE1E0}.Debug|Any CPU.ActiveCfg = Debug|Any CPU
		{820C7752-AC70-5E55-88CC-C91D616EE1E0}.Debug|Any CPU.Build.0 = Debug|Any CPU
		{820C7752-AC70-5E55-88CC-C91D616EE1E0}.Debug|x64.ActiveCfg = Debug|Any CPU
		{820C7752-AC70-5E55-88CC-C91D616EE1E0}.Debug|x64.Build.0 = Debug|Any CPU
		{820C7752-AC70-5E55-88CC-C91D616EE1E0}.Debug|x86.ActiveCfg = Debug|Any CPU
		{820C7752-AC70-5E55-88CC-C91D616EE1E0}.Debug|x86.Build.0 = Debug|Any CPU
		{820C7752-AC70-5E55-88CC-C91D616EE1E0}.Release|Any CPU.ActiveCfg = Release|Any CPU
		{820C7752-AC70-5E55-88CC-C91D616EE1E0}.Release|Any CPU.Build.0 = Release|Any CPU
		{820C7752-AC70-5E55-88CC-C91D616EE1E0}.Release|x64.ActiveCfg = Release|Any CPU
		{820C7752-AC70-5E55-88CC-C91D616EE1E0}.Release|x64.Build.0 = Release|Any CPU
		{820C7752-AC70-5E55-88CC-C91D616EE1E0}.Release|x86.ActiveCfg = Release|Any CPU
		{820C7752-AC70-5E55-88CC-C91D616EE1E0}.Release|x86.Build.0 = Release|Any CPU
		{AD699922-E148-5CA5-9FDC-E516658B2621}.Debug|Any CPU.ActiveCfg = Debug|Any CPU
		{AD699922-E148-5CA5-9FDC-E516658B2621}.Debug|Any CPU.Build.0 = Debug|Any CPU
		{AD699922-E148-5CA5-9FDC-E516658B2621}.Debug|x64.ActiveCfg = Debug|Any CPU
		{AD699922-E148-5CA5-9FDC-E516658B2621}.Debug|x64.Build.0 = Debug|Any CPU
		{AD699922-E148-5CA5-9FDC-E516658B2621}.Debug|x86.ActiveCfg = Debug|Any CPU
		{AD699922-E148-5CA5-9FDC-E516658B2621}.Debug|x86.Build.0 = Debug|Any CPU
		{AD699922-E148-5CA5-9FDC-E516658B2621}.Release|Any CPU.ActiveCfg = Release|Any CPU
		{AD699922-E148-5CA5-9FDC-E516658B2621}.Release|Any CPU.Build.0 = Release|Any CPU
		{AD699922-E148-5CA5-9FDC-E516658B2621}.Release|x64.ActiveCfg = Release|Any CPU
		{AD699922-E148-5CA5-9FDC-E516658B2621}.Release|x64.Build.0 = Release|Any CPU
		{AD699922-E148-5CA5-9FDC-E516658B2621}.Release|x86.ActiveCfg = Release|Any CPU
		{AD699922-E148-5CA5-9FDC-E516658B2621}.Release|x86.Build.0 = Release|Any CPU
		{1D12C13E-4B93-5A19-93DF-B29E742A6D11}.Debug|Any CPU.ActiveCfg = Debug|Any CPU
		{1D12C13E-4B93-5A19-93DF-B29E742A6D11}.Debug|Any CPU.Build.0 = Debug|Any CPU
		{1D12C13E-4B93-5A19-93DF-B29E742A6D11}.Debug|x64.ActiveCfg = Debug|Any CPU
		{1D12C13E-4B93-5A19-93DF-B29E742A6D11}.Debug|x64.Build.0 = Debug|Any CPU
		{1D12C13E-4B93-5A19-93DF-B29E742A6D11}.Debug|x86.ActiveCfg = Debug|Any CPU
		{1D12C13E-4B93-5A19-93DF-B29E742A6D11}.Debug|x86.Build.0 = Debug|Any CPU
		{1D12C13E-4B93-5A19-93DF-B29E742A6D11}.Release|Any CPU.ActiveCfg = Release|Any CPU
		{1D12C13E-4B93-5A19-93DF-B29E742A6D11}.Release|Any CPU.Build.0 = Release|Any CPU
		{1D12C13E-4B93-5A19-93DF-B29E742A6D11}.Release|x64.ActiveCfg = Release|Any CPU
		{1D12C13E-4B93-5A19-93DF-B29E742A6D11}.Release|x64.Build.0 = Release|Any CPU
		{1D12C13E-4B93-5A19-93DF-B29E742A6D11}.Release|x86.ActiveCfg = Release|Any CPU
		{1D12C13E-4B93-5A19-93DF-B29E742A6D11}.Release|x86.Build.0 = Release|Any CPU
		{C0871C36-8CF9-5E63-95D4-980B42D0E9E0}.Debug|Any CPU.ActiveCfg = Debug|Any CPU
		{C0871C36-8CF9-5E63-95D4-980B42D0E9E0}.Debug|Any CPU.Build.0 = Debug|Any CPU
		{C0871C36-8CF9-5E63-95D4-980B42D0E9E0}.Debug|x64.ActiveCfg = Debug|Any CPU
		{C0871C36-8CF9-5E63-95D4-980B42D0E9E0}.Debug|x64.Build.0 = Debug|Any CPU
		{C0871C36-8CF9-5E63-95D4-980B42D0E9E0}.Debug|x86.ActiveCfg = Debug|Any CPU
		{C0871C36-8CF9-5E63-95D4-980B42D0E9E0}.Debug|x86.Build.0 = Debug|Any CPU
		{C0871C36-8CF9-5E63-95D4-980B42D0E9E0}.Release|Any CPU.ActiveCfg = Release|Any CPU
		{C0871C36-8CF9-5E63-95D4-980B42D0E9E0}.Release|Any CPU.Build.0 = Release|Any CPU
		{C0871C36-8CF9-5E63-95D4-980B42D0E9E0}.Release|x64.ActiveCfg = Release|Any CPU
		{C0871C36-8CF9-5E63-95D4-980B42D0E9E0}.Release|x64.Build.0 = Release|Any CPU
		{C0871C36-8CF9-5E63-95D4-980B42D0E9E0}.Release|x86.ActiveCfg = Release|Any CPU
		{C0871C36-8CF9-5E63-95D4-980B42D0E9E0}.Release|x86.Build.0 = Release|Any CPU
		{9C00677E-C522-5BEF-B707-E8492A1A50C9}.Debug|Any CPU.ActiveCfg = Debug|Any CPU
		{9C00677E-C522-5BEF-B707-E8492A1A50C9}.Debug|Any CPU.Build.0 = Debug|Any CPU
		{9C00677E-C522-5BEF-B707-E8492A1A50C9}.Debug|x64.ActiveCfg = Debug|Any CPU
		{9C00677E-C522-5BEF-B707-E8492A1A50C9}.Debug|x64.Build.0 = Debug|Any CPU
		{9C00677E-C522-5BEF-B707-E8492A1A50C9}.Debug|x86.ActiveCfg = Debug|Any CPU
		{9C00677E-C522-5BEF-B707-E8492A1A50C9}.Debug|x86.Build.0 = Debug|Any CPU
		{9C00677E-C522-5BEF-B707-E8492A1A50C9}.Release|Any CPU.ActiveCfg = Release|Any CPU
		{9C00677E-C522-5BEF-B707-E8492A1A50C9}.Release|Any CPU.Build.0 = Release|Any CPU
		{9C00677E-C522-5BEF-B707-E8492A1A50C9}.Release|x64.ActiveCfg = Release|Any CPU
		{9C00677E-C522-5BEF-B707-E8492A1A50C9}.Release|x64.Build.0 = Release|Any CPU
		{9C00677E-C522-5BEF-B707-E8492A1A50C9}.Release|x86.ActiveCfg = Release|Any CPU
		{9C00677E-C522-5BEF-B707-E8492A1A50C9}.Release|x86.Build.0 = Release|Any CPU
		{45B7CFF6-13A7-5FBF-AB88-EAD1BAE8D0C5}.Debug|Any CPU.ActiveCfg = Debug|Any CPU
		{45B7CFF6-13A7-5FBF-AB88-EAD1BAE8D0C5}.Debug|Any CPU.Build.0 = Debug|Any CPU
		{45B7CFF6-13A7-5FBF-AB88-EAD1BAE8D0C5}.Debug|x64.ActiveCfg = Debug|Any CPU
		{45B7CFF6-13A7-5FBF-AB88-EAD1BAE8D0C5}.Debug|x64.Build.0 = Debug|Any CPU
		{45B7CFF6-13A7-5FBF-AB88-EAD1BAE8D0C5}.Debug|x86.ActiveCfg = Debug|Any CPU
		{45B7CFF6-13A7-5FBF-AB88-EAD1BAE8D0C5}.Debug|x86.Build.0 = Debug|Any CPU
		{45B7CFF6-13A7-5FBF-AB88-EAD1BAE8D0C5}.Release|Any CPU.ActiveCfg = Release|Any CPU
		{45B7CFF6-13A7-5FBF-AB88-EAD1BAE8D0C5}.Release|Any CPU.Build.0 = Release|Any CPU
		{45B7CFF6-13A7-5FBF-AB88-EAD1BAE8D0C5}.Release|x64.ActiveCfg = Release|Any CPU
		{45B7CFF6-13A7-5FBF-AB88-EAD1BAE8D0C5}.Release|x64.Build.0 = Release|Any CPU
		{45B7CFF6-13A7-5FBF-AB88-EAD1BAE8D0C5}.Release|x86.ActiveCfg = Release|Any CPU
		{45B7CFF6-13A7-5FBF-AB88-EAD1BAE8D0C5}.Release|x86.Build.0 = Release|Any CPU
		{A46F6C34-AAB3-4A28-94C0-81E2B8E5BE5A}.Debug|Any CPU.ActiveCfg = Debug|Any CPU
		{A46F6C34-AAB3-4A28-94C0-81E2B8E5BE5A}.Debug|Any CPU.Build.0 = Debug|Any CPU
		{A46F6C34-AAB3-4A28-94C0-81E2B8E5BE5A}.Debug|x64.ActiveCfg = Debug|Any CPU
		{A46F6C34-AAB3-4A28-94C0-81E2B8E5BE5A}.Debug|x64.Build.0 = Debug|Any CPU
		{A46F6C34-AAB3-4A28-94C0-81E2B8E5BE5A}.Debug|x86.ActiveCfg = Debug|Any CPU
		{A46F6C34-AAB3-4A28-94C0-81E2B8E5BE5A}.Debug|x86.Build.0 = Debug|Any CPU
		{A46F6C34-AAB3-4A28-94C0-81E2B8E5BE5A}.Release|Any CPU.ActiveCfg = Release|Any CPU
		{A46F6C34-AAB3-4A28-94C0-81E2B8E5BE5A}.Release|Any CPU.Build.0 = Release|Any CPU
		{A46F6C34-AAB3-4A28-94C0-81E2B8E5BE5A}.Release|x64.ActiveCfg = Release|Any CPU
		{A46F6C34-AAB3-4A28-94C0-81E2B8E5BE5A}.Release|x64.Build.0 = Release|Any CPU
		{A46F6C34-AAB3-4A28-94C0-81E2B8E5BE5A}.Release|x86.ActiveCfg = Release|Any CPU
		{A46F6C34-AAB3-4A28-94C0-81E2B8E5BE5A}.Release|x86.Build.0 = Release|Any CPU
		{A8DF9579-C6E0-590F-AACF-6CE0E7942723}.Debug|Any CPU.ActiveCfg = Debug|Any CPU
		{A8DF9579-C6E0-590F-AACF-6CE0E7942723}.Debug|Any CPU.Build.0 = Debug|Any CPU
		{A8DF9579-C6E0-590F-AACF-6CE0E7942723}.Debug|x64.ActiveCfg = Debug|Any CPU
		{A8DF9579-C6E0-590F-AACF-6CE0E7942723}.Debug|x64.Build.0 = Debug|Any CPU
		{A8DF9579-C6E0-590F-AACF-6CE0E7942723}.Debug|x86.ActiveCfg = Debug|Any CPU
		{A8DF9579-C6E0-590F-AACF-6CE0E7942723}.Debug|x86.Build.0 = Debug|Any CPU
		{A8DF9579-C6E0-590F-AACF-6CE0E7942723}.Release|Any CPU.ActiveCfg = Release|Any CPU
		{A8DF9579-C6E0-590F-AACF-6CE0E7942723}.Release|Any CPU.Build.0 = Release|Any CPU
		{A8DF9579-C6E0-590F-AACF-6CE0E7942723}.Release|x64.ActiveCfg = Release|Any CPU
		{A8DF9579-C6E0-590F-AACF-6CE0E7942723}.Release|x64.Build.0 = Release|Any CPU
		{A8DF9579-C6E0-590F-AACF-6CE0E7942723}.Release|x86.ActiveCfg = Release|Any CPU
		{A8DF9579-C6E0-590F-AACF-6CE0E7942723}.Release|x86.Build.0 = Release|Any CPU
		{49771EA7-6427-52D7-8BCB-309BA31DD9EB}.Debug|Any CPU.ActiveCfg = Debug|Any CPU
		{49771EA7-6427-52D7-8BCB-309BA31DD9EB}.Debug|Any CPU.Build.0 = Debug|Any CPU
		{49771EA7-6427-52D7-8BCB-309BA31DD9EB}.Debug|x64.ActiveCfg = Debug|Any CPU
		{49771EA7-6427-52D7-8BCB-309BA31DD9EB}.Debug|x64.Build.0 = Debug|Any CPU
		{49771EA7-6427-52D7-8BCB-309BA31DD9EB}.Debug|x86.ActiveCfg = Debug|Any CPU
		{49771EA7-6427-52D7-8BCB-309BA31DD9EB}.Debug|x86.Build.0 = Debug|Any CPU
		{49771EA7-6427-52D7-8BCB-309BA31DD9EB}.Release|Any CPU.ActiveCfg = Release|Any CPU
		{49771EA7-6427-52D7-8BCB-309BA31DD9EB}.Release|Any CPU.Build.0 = Release|Any CPU
		{49771EA7-6427-52D7-8BCB-309BA31DD9EB}.Release|x64.ActiveCfg = Release|Any CPU
		{49771EA7-6427-52D7-8BCB-309BA31DD9EB}.Release|x64.Build.0 = Release|Any CPU
		{49771EA7-6427-52D7-8BCB-309BA31DD9EB}.Release|x86.ActiveCfg = Release|Any CPU
		{49771EA7-6427-52D7-8BCB-309BA31DD9EB}.Release|x86.Build.0 = Release|Any CPU
		{A19A8EFC-8D02-506A-B7D7-86A6C81C5862}.Debug|Any CPU.ActiveCfg = Debug|Any CPU
		{A19A8EFC-8D02-506A-B7D7-86A6C81C5862}.Debug|Any CPU.Build.0 = Debug|Any CPU
		{A19A8EFC-8D02-506A-B7D7-86A6C81C5862}.Debug|x64.ActiveCfg = Debug|Any CPU
		{A19A8EFC-8D02-506A-B7D7-86A6C81C5862}.Debug|x64.Build.0 = Debug|Any CPU
		{A19A8EFC-8D02-506A-B7D7-86A6C81C5862}.Debug|x86.ActiveCfg = Debug|Any CPU
		{A19A8EFC-8D02-506A-B7D7-86A6C81C5862}.Debug|x86.Build.0 = Debug|Any CPU
		{A19A8EFC-8D02-506A-B7D7-86A6C81C5862}.Release|Any CPU.ActiveCfg = Release|Any CPU
		{A19A8EFC-8D02-506A-B7D7-86A6C81C5862}.Release|Any CPU.Build.0 = Release|Any CPU
		{A19A8EFC-8D02-506A-B7D7-86A6C81C5862}.Release|x64.ActiveCfg = Release|Any CPU
		{A19A8EFC-8D02-506A-B7D7-86A6C81C5862}.Release|x64.Build.0 = Release|Any CPU
		{A19A8EFC-8D02-506A-B7D7-86A6C81C5862}.Release|x86.ActiveCfg = Release|Any CPU
		{A19A8EFC-8D02-506A-B7D7-86A6C81C5862}.Release|x86.Build.0 = Release|Any CPU
		{AFE9880D-C023-5F1B-9C48-ACF9DF7605AB}.Debug|Any CPU.ActiveCfg = Debug|Any CPU
		{AFE9880D-C023-5F1B-9C48-ACF9DF7605AB}.Debug|Any CPU.Build.0 = Debug|Any CPU
		{AFE9880D-C023-5F1B-9C48-ACF9DF7605AB}.Debug|x64.ActiveCfg = Debug|Any CPU
		{AFE9880D-C023-5F1B-9C48-ACF9DF7605AB}.Debug|x64.Build.0 = Debug|Any CPU
		{AFE9880D-C023-5F1B-9C48-ACF9DF7605AB}.Debug|x86.ActiveCfg = Debug|Any CPU
		{AFE9880D-C023-5F1B-9C48-ACF9DF7605AB}.Debug|x86.Build.0 = Debug|Any CPU
		{AFE9880D-C023-5F1B-9C48-ACF9DF7605AB}.Release|Any CPU.ActiveCfg = Release|Any CPU
		{AFE9880D-C023-5F1B-9C48-ACF9DF7605AB}.Release|Any CPU.Build.0 = Release|Any CPU
		{AFE9880D-C023-5F1B-9C48-ACF9DF7605AB}.Release|x64.ActiveCfg = Release|Any CPU
		{AFE9880D-C023-5F1B-9C48-ACF9DF7605AB}.Release|x64.Build.0 = Release|Any CPU
		{AFE9880D-C023-5F1B-9C48-ACF9DF7605AB}.Release|x86.ActiveCfg = Release|Any CPU
		{AFE9880D-C023-5F1B-9C48-ACF9DF7605AB}.Release|x86.Build.0 = Release|Any CPU
		{CB997C69-B68F-5C7A-86A4-5ED306DA3C94}.Debug|Any CPU.ActiveCfg = Debug|Any CPU
		{CB997C69-B68F-5C7A-86A4-5ED306DA3C94}.Debug|Any CPU.Build.0 = Debug|Any CPU
		{CB997C69-B68F-5C7A-86A4-5ED306DA3C94}.Debug|x64.ActiveCfg = Debug|Any CPU
		{CB997C69-B68F-5C7A-86A4-5ED306DA3C94}.Debug|x64.Build.0 = Debug|Any CPU
		{CB997C69-B68F-5C7A-86A4-5ED306DA3C94}.Debug|x86.ActiveCfg = Debug|Any CPU
		{CB997C69-B68F-5C7A-86A4-5ED306DA3C94}.Debug|x86.Build.0 = Debug|Any CPU
		{CB997C69-B68F-5C7A-86A4-5ED306DA3C94}.Release|Any CPU.ActiveCfg = Release|Any CPU
		{CB997C69-B68F-5C7A-86A4-5ED306DA3C94}.Release|Any CPU.Build.0 = Release|Any CPU
		{CB997C69-B68F-5C7A-86A4-5ED306DA3C94}.Release|x64.ActiveCfg = Release|Any CPU
		{CB997C69-B68F-5C7A-86A4-5ED306DA3C94}.Release|x64.Build.0 = Release|Any CPU
		{CB997C69-B68F-5C7A-86A4-5ED306DA3C94}.Release|x86.ActiveCfg = Release|Any CPU
		{CB997C69-B68F-5C7A-86A4-5ED306DA3C94}.Release|x86.Build.0 = Release|Any CPU
		{3956EB4D-977A-5E45-85FC-0C41CD6E8E00}.Debug|Any CPU.ActiveCfg = Debug|Any CPU
		{3956EB4D-977A-5E45-85FC-0C41CD6E8E00}.Debug|Any CPU.Build.0 = Debug|Any CPU
		{3956EB4D-977A-5E45-85FC-0C41CD6E8E00}.Debug|x64.ActiveCfg = Debug|Any CPU
		{3956EB4D-977A-5E45-85FC-0C41CD6E8E00}.Debug|x64.Build.0 = Debug|Any CPU
		{3956EB4D-977A-5E45-85FC-0C41CD6E8E00}.Debug|x86.ActiveCfg = Debug|Any CPU
		{3956EB4D-977A-5E45-85FC-0C41CD6E8E00}.Debug|x86.Build.0 = Debug|Any CPU
		{3956EB4D-977A-5E45-85FC-0C41CD6E8E00}.Release|Any CPU.ActiveCfg = Release|Any CPU
		{3956EB4D-977A-5E45-85FC-0C41CD6E8E00}.Release|Any CPU.Build.0 = Release|Any CPU
		{3956EB4D-977A-5E45-85FC-0C41CD6E8E00}.Release|x64.ActiveCfg = Release|Any CPU
		{3956EB4D-977A-5E45-85FC-0C41CD6E8E00}.Release|x64.Build.0 = Release|Any CPU
		{3956EB4D-977A-5E45-85FC-0C41CD6E8E00}.Release|x86.ActiveCfg = Release|Any CPU
		{3956EB4D-977A-5E45-85FC-0C41CD6E8E00}.Release|x86.Build.0 = Release|Any CPU
		{A5C05856-643F-591F-9585-A0FA87989AD1}.Debug|Any CPU.ActiveCfg = Debug|Any CPU
		{A5C05856-643F-591F-9585-A0FA87989AD1}.Debug|Any CPU.Build.0 = Debug|Any CPU
		{A5C05856-643F-591F-9585-A0FA87989AD1}.Debug|x64.ActiveCfg = Debug|Any CPU
		{A5C05856-643F-591F-9585-A0FA87989AD1}.Debug|x64.Build.0 = Debug|Any CPU
		{A5C05856-643F-591F-9585-A0FA87989AD1}.Debug|x86.ActiveCfg = Debug|Any CPU
		{A5C05856-643F-591F-9585-A0FA87989AD1}.Debug|x86.Build.0 = Debug|Any CPU
		{A5C05856-643F-591F-9585-A0FA87989AD1}.Release|Any CPU.ActiveCfg = Release|Any CPU
		{A5C05856-643F-591F-9585-A0FA87989AD1}.Release|Any CPU.Build.0 = Release|Any CPU
		{A5C05856-643F-591F-9585-A0FA87989AD1}.Release|x64.ActiveCfg = Release|Any CPU
		{A5C05856-643F-591F-9585-A0FA87989AD1}.Release|x64.Build.0 = Release|Any CPU
		{A5C05856-643F-591F-9585-A0FA87989AD1}.Release|x86.ActiveCfg = Release|Any CPU
		{A5C05856-643F-591F-9585-A0FA87989AD1}.Release|x86.Build.0 = Release|Any CPU
		{825D35AB-AD1C-5B08-855E-E97EE9C23BA8}.Debug|Any CPU.ActiveCfg = Debug|Any CPU
		{825D35AB-AD1C-5B08-855E-E97EE9C23BA8}.Debug|Any CPU.Build.0 = Debug|Any CPU
		{825D35AB-AD1C-5B08-855E-E97EE9C23BA8}.Debug|x64.ActiveCfg = Debug|Any CPU
		{825D35AB-AD1C-5B08-855E-E97EE9C23BA8}.Debug|x64.Build.0 = Debug|Any CPU
		{825D35AB-AD1C-5B08-855E-E97EE9C23BA8}.Debug|x86.ActiveCfg = Debug|Any CPU
		{825D35AB-AD1C-5B08-855E-E97EE9C23BA8}.Debug|x86.Build.0 = Debug|Any CPU
		{825D35AB-AD1C-5B08-855E-E97EE9C23BA8}.Release|Any CPU.ActiveCfg = Release|Any CPU
		{825D35AB-AD1C-5B08-855E-E97EE9C23BA8}.Release|Any CPU.Build.0 = Release|Any CPU
		{825D35AB-AD1C-5B08-855E-E97EE9C23BA8}.Release|x64.ActiveCfg = Release|Any CPU
		{825D35AB-AD1C-5B08-855E-E97EE9C23BA8}.Release|x64.Build.0 = Release|Any CPU
		{825D35AB-AD1C-5B08-855E-E97EE9C23BA8}.Release|x86.ActiveCfg = Release|Any CPU
		{825D35AB-AD1C-5B08-855E-E97EE9C23BA8}.Release|x86.Build.0 = Release|Any CPU
		{58528178-E0DD-5785-B539-7781A2BDCBD9}.Debug|Any CPU.ActiveCfg = Debug|Any CPU
		{58528178-E0DD-5785-B539-7781A2BDCBD9}.Debug|Any CPU.Build.0 = Debug|Any CPU
		{58528178-E0DD-5785-B539-7781A2BDCBD9}.Debug|x64.ActiveCfg = Debug|Any CPU
		{58528178-E0DD-5785-B539-7781A2BDCBD9}.Debug|x64.Build.0 = Debug|Any CPU
		{58528178-E0DD-5785-B539-7781A2BDCBD9}.Debug|x86.ActiveCfg = Debug|Any CPU
		{58528178-E0DD-5785-B539-7781A2BDCBD9}.Debug|x86.Build.0 = Debug|Any CPU
		{58528178-E0DD-5785-B539-7781A2BDCBD9}.Release|Any CPU.ActiveCfg = Release|Any CPU
		{58528178-E0DD-5785-B539-7781A2BDCBD9}.Release|Any CPU.Build.0 = Release|Any CPU
		{58528178-E0DD-5785-B539-7781A2BDCBD9}.Release|x64.ActiveCfg = Release|Any CPU
		{58528178-E0DD-5785-B539-7781A2BDCBD9}.Release|x64.Build.0 = Release|Any CPU
		{58528178-E0DD-5785-B539-7781A2BDCBD9}.Release|x86.ActiveCfg = Release|Any CPU
		{58528178-E0DD-5785-B539-7781A2BDCBD9}.Release|x86.Build.0 = Release|Any CPU
		{1E9035C8-E1BB-5A71-A661-3980BE5BB4A0}.Debug|Any CPU.ActiveCfg = Debug|Any CPU
		{1E9035C8-E1BB-5A71-A661-3980BE5BB4A0}.Debug|Any CPU.Build.0 = Debug|Any CPU
		{1E9035C8-E1BB-5A71-A661-3980BE5BB4A0}.Debug|x64.ActiveCfg = Debug|Any CPU
		{1E9035C8-E1BB-5A71-A661-3980BE5BB4A0}.Debug|x64.Build.0 = Debug|Any CPU
		{1E9035C8-E1BB-5A71-A661-3980BE5BB4A0}.Debug|x86.ActiveCfg = Debug|Any CPU
		{1E9035C8-E1BB-5A71-A661-3980BE5BB4A0}.Debug|x86.Build.0 = Debug|Any CPU
		{1E9035C8-E1BB-5A71-A661-3980BE5BB4A0}.Release|Any CPU.ActiveCfg = Release|Any CPU
		{1E9035C8-E1BB-5A71-A661-3980BE5BB4A0}.Release|Any CPU.Build.0 = Release|Any CPU
		{1E9035C8-E1BB-5A71-A661-3980BE5BB4A0}.Release|x64.ActiveCfg = Release|Any CPU
		{1E9035C8-E1BB-5A71-A661-3980BE5BB4A0}.Release|x64.Build.0 = Release|Any CPU
		{1E9035C8-E1BB-5A71-A661-3980BE5BB4A0}.Release|x86.ActiveCfg = Release|Any CPU
		{1E9035C8-E1BB-5A71-A661-3980BE5BB4A0}.Release|x86.Build.0 = Release|Any CPU
		{6C683288-7019-5967-A0F6-EB23C80610C3}.Debug|Any CPU.ActiveCfg = Debug|Any CPU
		{6C683288-7019-5967-A0F6-EB23C80610C3}.Debug|Any CPU.Build.0 = Debug|Any CPU
		{6C683288-7019-5967-A0F6-EB23C80610C3}.Debug|x64.ActiveCfg = Debug|Any CPU
		{6C683288-7019-5967-A0F6-EB23C80610C3}.Debug|x64.Build.0 = Debug|Any CPU
		{6C683288-7019-5967-A0F6-EB23C80610C3}.Debug|x86.ActiveCfg = Debug|Any CPU
		{6C683288-7019-5967-A0F6-EB23C80610C3}.Debug|x86.Build.0 = Debug|Any CPU
		{6C683288-7019-5967-A0F6-EB23C80610C3}.Release|Any CPU.ActiveCfg = Release|Any CPU
		{6C683288-7019-5967-A0F6-EB23C80610C3}.Release|Any CPU.Build.0 = Release|Any CPU
		{6C683288-7019-5967-A0F6-EB23C80610C3}.Release|x64.ActiveCfg = Release|Any CPU
		{6C683288-7019-5967-A0F6-EB23C80610C3}.Release|x64.Build.0 = Release|Any CPU
		{6C683288-7019-5967-A0F6-EB23C80610C3}.Release|x86.ActiveCfg = Release|Any CPU
		{6C683288-7019-5967-A0F6-EB23C80610C3}.Release|x86.Build.0 = Release|Any CPU
		{A7351210-0498-5AEF-A83E-88CC0DFC0BB5}.Debug|Any CPU.ActiveCfg = Debug|Any CPU
		{A7351210-0498-5AEF-A83E-88CC0DFC0BB5}.Debug|Any CPU.Build.0 = Debug|Any CPU
		{A7351210-0498-5AEF-A83E-88CC0DFC0BB5}.Debug|x64.ActiveCfg = Debug|Any CPU
		{A7351210-0498-5AEF-A83E-88CC0DFC0BB5}.Debug|x64.Build.0 = Debug|Any CPU
		{A7351210-0498-5AEF-A83E-88CC0DFC0BB5}.Debug|x86.ActiveCfg = Debug|Any CPU
		{A7351210-0498-5AEF-A83E-88CC0DFC0BB5}.Debug|x86.Build.0 = Debug|Any CPU
		{A7351210-0498-5AEF-A83E-88CC0DFC0BB5}.Release|Any CPU.ActiveCfg = Release|Any CPU
		{A7351210-0498-5AEF-A83E-88CC0DFC0BB5}.Release|Any CPU.Build.0 = Release|Any CPU
		{A7351210-0498-5AEF-A83E-88CC0DFC0BB5}.Release|x64.ActiveCfg = Release|Any CPU
		{A7351210-0498-5AEF-A83E-88CC0DFC0BB5}.Release|x64.Build.0 = Release|Any CPU
		{A7351210-0498-5AEF-A83E-88CC0DFC0BB5}.Release|x86.ActiveCfg = Release|Any CPU
		{A7351210-0498-5AEF-A83E-88CC0DFC0BB5}.Release|x86.Build.0 = Release|Any CPU
		{733632C4-18AD-531C-B902-89E449F53B6B}.Debug|Any CPU.ActiveCfg = Debug|Any CPU
		{733632C4-18AD-531C-B902-89E449F53B6B}.Debug|Any CPU.Build.0 = Debug|Any CPU
		{733632C4-18AD-531C-B902-89E449F53B6B}.Debug|x64.ActiveCfg = Debug|Any CPU
		{733632C4-18AD-531C-B902-89E449F53B6B}.Debug|x64.Build.0 = Debug|Any CPU
		{733632C4-18AD-531C-B902-89E449F53B6B}.Debug|x86.ActiveCfg = Debug|Any CPU
		{733632C4-18AD-531C-B902-89E449F53B6B}.Debug|x86.Build.0 = Debug|Any CPU
		{733632C4-18AD-531C-B902-89E449F53B6B}.Release|Any CPU.ActiveCfg = Release|Any CPU
		{733632C4-18AD-531C-B902-89E449F53B6B}.Release|Any CPU.Build.0 = Release|Any CPU
		{733632C4-18AD-531C-B902-89E449F53B6B}.Release|x64.ActiveCfg = Release|Any CPU
		{733632C4-18AD-531C-B902-89E449F53B6B}.Release|x64.Build.0 = Release|Any CPU
		{733632C4-18AD-531C-B902-89E449F53B6B}.Release|x86.ActiveCfg = Release|Any CPU
		{733632C4-18AD-531C-B902-89E449F53B6B}.Release|x86.Build.0 = Release|Any CPU
		{9AD4D461-CA8B-5446-A3EE-C02DEBED53DB}.Debug|Any CPU.ActiveCfg = Debug|Any CPU
		{9AD4D461-CA8B-5446-A3EE-C02DEBED53DB}.Debug|Any CPU.Build.0 = Debug|Any CPU
		{9AD4D461-CA8B-5446-A3EE-C02DEBED53DB}.Debug|x64.ActiveCfg = Debug|Any CPU
		{9AD4D461-CA8B-5446-A3EE-C02DEBED53DB}.Debug|x64.Build.0 = Debug|Any CPU
		{9AD4D461-CA8B-5446-A3EE-C02DEBED53DB}.Debug|x86.ActiveCfg = Debug|Any CPU
		{9AD4D461-CA8B-5446-A3EE-C02DEBED53DB}.Debug|x86.Build.0 = Debug|Any CPU
		{9AD4D461-CA8B-5446-A3EE-C02DEBED53DB}.Release|Any CPU.ActiveCfg = Release|Any CPU
		{9AD4D461-CA8B-5446-A3EE-C02DEBED53DB}.Release|Any CPU.Build.0 = Release|Any CPU
		{9AD4D461-CA8B-5446-A3EE-C02DEBED53DB}.Release|x64.ActiveCfg = Release|Any CPU
		{9AD4D461-CA8B-5446-A3EE-C02DEBED53DB}.Release|x64.Build.0 = Release|Any CPU
		{9AD4D461-CA8B-5446-A3EE-C02DEBED53DB}.Release|x86.ActiveCfg = Release|Any CPU
		{9AD4D461-CA8B-5446-A3EE-C02DEBED53DB}.Release|x86.Build.0 = Release|Any CPU
		{2465BD9B-B37C-5A17-873A-7B8C62E15761}.Debug|Any CPU.ActiveCfg = Debug|Any CPU
		{2465BD9B-B37C-5A17-873A-7B8C62E15761}.Debug|Any CPU.Build.0 = Debug|Any CPU
		{2465BD9B-B37C-5A17-873A-7B8C62E15761}.Debug|x64.ActiveCfg = Debug|Any CPU
		{2465BD9B-B37C-5A17-873A-7B8C62E15761}.Debug|x64.Build.0 = Debug|Any CPU
		{2465BD9B-B37C-5A17-873A-7B8C62E15761}.Debug|x86.ActiveCfg = Debug|Any CPU
		{2465BD9B-B37C-5A17-873A-7B8C62E15761}.Debug|x86.Build.0 = Debug|Any CPU
		{2465BD9B-B37C-5A17-873A-7B8C62E15761}.Release|Any CPU.ActiveCfg = Release|Any CPU
		{2465BD9B-B37C-5A17-873A-7B8C62E15761}.Release|Any CPU.Build.0 = Release|Any CPU
		{2465BD9B-B37C-5A17-873A-7B8C62E15761}.Release|x64.ActiveCfg = Release|Any CPU
		{2465BD9B-B37C-5A17-873A-7B8C62E15761}.Release|x64.Build.0 = Release|Any CPU
		{2465BD9B-B37C-5A17-873A-7B8C62E15761}.Release|x86.ActiveCfg = Release|Any CPU
		{2465BD9B-B37C-5A17-873A-7B8C62E15761}.Release|x86.Build.0 = Release|Any CPU
		{6B4C225C-348B-5C5F-8D70-6A49568428E3}.Debug|Any CPU.ActiveCfg = Debug|Any CPU
		{6B4C225C-348B-5C5F-8D70-6A49568428E3}.Debug|Any CPU.Build.0 = Debug|Any CPU
		{6B4C225C-348B-5C5F-8D70-6A49568428E3}.Debug|x64.ActiveCfg = Debug|Any CPU
		{6B4C225C-348B-5C5F-8D70-6A49568428E3}.Debug|x64.Build.0 = Debug|Any CPU
		{6B4C225C-348B-5C5F-8D70-6A49568428E3}.Debug|x86.ActiveCfg = Debug|Any CPU
		{6B4C225C-348B-5C5F-8D70-6A49568428E3}.Debug|x86.Build.0 = Debug|Any CPU
		{6B4C225C-348B-5C5F-8D70-6A49568428E3}.Release|Any CPU.ActiveCfg = Release|Any CPU
		{6B4C225C-348B-5C5F-8D70-6A49568428E3}.Release|Any CPU.Build.0 = Release|Any CPU
		{6B4C225C-348B-5C5F-8D70-6A49568428E3}.Release|x64.ActiveCfg = Release|Any CPU
		{6B4C225C-348B-5C5F-8D70-6A49568428E3}.Release|x64.Build.0 = Release|Any CPU
		{6B4C225C-348B-5C5F-8D70-6A49568428E3}.Release|x86.ActiveCfg = Release|Any CPU
		{6B4C225C-348B-5C5F-8D70-6A49568428E3}.Release|x86.Build.0 = Release|Any CPU
		{DCF55DDA-D95D-5C28-8644-4D5975F912CD}.Debug|Any CPU.ActiveCfg = Debug|Any CPU
		{DCF55DDA-D95D-5C28-8644-4D5975F912CD}.Debug|Any CPU.Build.0 = Debug|Any CPU
		{DCF55DDA-D95D-5C28-8644-4D5975F912CD}.Debug|x64.ActiveCfg = Debug|Any CPU
		{DCF55DDA-D95D-5C28-8644-4D5975F912CD}.Debug|x64.Build.0 = Debug|Any CPU
		{DCF55DDA-D95D-5C28-8644-4D5975F912CD}.Debug|x86.ActiveCfg = Debug|Any CPU
		{DCF55DDA-D95D-5C28-8644-4D5975F912CD}.Debug|x86.Build.0 = Debug|Any CPU
		{DCF55DDA-D95D-5C28-8644-4D5975F912CD}.Release|Any CPU.ActiveCfg = Release|Any CPU
		{DCF55DDA-D95D-5C28-8644-4D5975F912CD}.Release|Any CPU.Build.0 = Release|Any CPU
		{DCF55DDA-D95D-5C28-8644-4D5975F912CD}.Release|x64.ActiveCfg = Release|Any CPU
		{DCF55DDA-D95D-5C28-8644-4D5975F912CD}.Release|x64.Build.0 = Release|Any CPU
		{DCF55DDA-D95D-5C28-8644-4D5975F912CD}.Release|x86.ActiveCfg = Release|Any CPU
		{DCF55DDA-D95D-5C28-8644-4D5975F912CD}.Release|x86.Build.0 = Release|Any CPU
		{FDAE566E-232F-57C8-BF03-B69689287858}.Debug|Any CPU.ActiveCfg = Debug|Any CPU
		{FDAE566E-232F-57C8-BF03-B69689287858}.Debug|Any CPU.Build.0 = Debug|Any CPU
		{FDAE566E-232F-57C8-BF03-B69689287858}.Debug|x64.ActiveCfg = Debug|Any CPU
		{FDAE566E-232F-57C8-BF03-B69689287858}.Debug|x64.Build.0 = Debug|Any CPU
		{FDAE566E-232F-57C8-BF03-B69689287858}.Debug|x86.ActiveCfg = Debug|Any CPU
		{FDAE566E-232F-57C8-BF03-B69689287858}.Debug|x86.Build.0 = Debug|Any CPU
		{FDAE566E-232F-57C8-BF03-B69689287858}.Release|Any CPU.ActiveCfg = Release|Any CPU
		{FDAE566E-232F-57C8-BF03-B69689287858}.Release|Any CPU.Build.0 = Release|Any CPU
		{FDAE566E-232F-57C8-BF03-B69689287858}.Release|x64.ActiveCfg = Release|Any CPU
		{FDAE566E-232F-57C8-BF03-B69689287858}.Release|x64.Build.0 = Release|Any CPU
		{FDAE566E-232F-57C8-BF03-B69689287858}.Release|x86.ActiveCfg = Release|Any CPU
		{FDAE566E-232F-57C8-BF03-B69689287858}.Release|x86.Build.0 = Release|Any CPU
		{0715B0EC-ED30-4A62-ABD4-FFEF5AC5AD30}.Debug|Any CPU.ActiveCfg = Debug|Any CPU
		{0715B0EC-ED30-4A62-ABD4-FFEF5AC5AD30}.Debug|Any CPU.Build.0 = Debug|Any CPU
		{0715B0EC-ED30-4A62-ABD4-FFEF5AC5AD30}.Debug|x64.ActiveCfg = Debug|Any CPU
		{0715B0EC-ED30-4A62-ABD4-FFEF5AC5AD30}.Debug|x64.Build.0 = Debug|Any CPU
		{0715B0EC-ED30-4A62-ABD4-FFEF5AC5AD30}.Debug|x86.ActiveCfg = Debug|Any CPU
		{0715B0EC-ED30-4A62-ABD4-FFEF5AC5AD30}.Debug|x86.Build.0 = Debug|Any CPU
		{0715B0EC-ED30-4A62-ABD4-FFEF5AC5AD30}.Release|Any CPU.ActiveCfg = Release|Any CPU
		{0715B0EC-ED30-4A62-ABD4-FFEF5AC5AD30}.Release|Any CPU.Build.0 = Release|Any CPU
		{0715B0EC-ED30-4A62-ABD4-FFEF5AC5AD30}.Release|x64.ActiveCfg = Release|Any CPU
		{0715B0EC-ED30-4A62-ABD4-FFEF5AC5AD30}.Release|x64.Build.0 = Release|Any CPU
		{0715B0EC-ED30-4A62-ABD4-FFEF5AC5AD30}.Release|x86.ActiveCfg = Release|Any CPU
		{0715B0EC-ED30-4A62-ABD4-FFEF5AC5AD30}.Release|x86.Build.0 = Release|Any CPU
		{429E5281-DA07-4922-A269-3522FCBAC063}.Debug|Any CPU.ActiveCfg = Debug|Any CPU
		{429E5281-DA07-4922-A269-3522FCBAC063}.Debug|Any CPU.Build.0 = Debug|Any CPU
		{429E5281-DA07-4922-A269-3522FCBAC063}.Debug|x64.ActiveCfg = Debug|Any CPU
		{429E5281-DA07-4922-A269-3522FCBAC063}.Debug|x64.Build.0 = Debug|Any CPU
		{429E5281-DA07-4922-A269-3522FCBAC063}.Debug|x86.ActiveCfg = Debug|Any CPU
		{429E5281-DA07-4922-A269-3522FCBAC063}.Debug|x86.Build.0 = Debug|Any CPU
		{429E5281-DA07-4922-A269-3522FCBAC063}.Release|Any CPU.ActiveCfg = Release|Any CPU
		{429E5281-DA07-4922-A269-3522FCBAC063}.Release|Any CPU.Build.0 = Release|Any CPU
		{429E5281-DA07-4922-A269-3522FCBAC063}.Release|x64.ActiveCfg = Release|Any CPU
		{429E5281-DA07-4922-A269-3522FCBAC063}.Release|x64.Build.0 = Release|Any CPU
		{429E5281-DA07-4922-A269-3522FCBAC063}.Release|x86.ActiveCfg = Release|Any CPU
		{429E5281-DA07-4922-A269-3522FCBAC063}.Release|x86.Build.0 = Release|Any CPU
		{5D4CFC5A-2A03-48E3-A1E1-0D98372DB0D3}.Debug|Any CPU.ActiveCfg = Debug|Any CPU
		{5D4CFC5A-2A03-48E3-A1E1-0D98372DB0D3}.Debug|Any CPU.Build.0 = Debug|Any CPU
		{5D4CFC5A-2A03-48E3-A1E1-0D98372DB0D3}.Debug|x64.ActiveCfg = Debug|Any CPU
		{5D4CFC5A-2A03-48E3-A1E1-0D98372DB0D3}.Debug|x64.Build.0 = Debug|Any CPU
		{5D4CFC5A-2A03-48E3-A1E1-0D98372DB0D3}.Debug|x86.ActiveCfg = Debug|Any CPU
		{5D4CFC5A-2A03-48E3-A1E1-0D98372DB0D3}.Debug|x86.Build.0 = Debug|Any CPU
		{5D4CFC5A-2A03-48E3-A1E1-0D98372DB0D3}.Release|Any CPU.ActiveCfg = Release|Any CPU
		{5D4CFC5A-2A03-48E3-A1E1-0D98372DB0D3}.Release|Any CPU.Build.0 = Release|Any CPU
		{5D4CFC5A-2A03-48E3-A1E1-0D98372DB0D3}.Release|x64.ActiveCfg = Release|Any CPU
		{5D4CFC5A-2A03-48E3-A1E1-0D98372DB0D3}.Release|x64.Build.0 = Release|Any CPU
		{5D4CFC5A-2A03-48E3-A1E1-0D98372DB0D3}.Release|x86.ActiveCfg = Release|Any CPU
		{5D4CFC5A-2A03-48E3-A1E1-0D98372DB0D3}.Release|x86.Build.0 = Release|Any CPU
		{527F1BF6-5223-4F68-8F30-ABB5ACE7A9B8}.Debug|Any CPU.ActiveCfg = Debug|Any CPU
		{527F1BF6-5223-4F68-8F30-ABB5ACE7A9B8}.Debug|Any CPU.Build.0 = Debug|Any CPU
		{527F1BF6-5223-4F68-8F30-ABB5ACE7A9B8}.Debug|x64.ActiveCfg = Debug|Any CPU
		{527F1BF6-5223-4F68-8F30-ABB5ACE7A9B8}.Debug|x64.Build.0 = Debug|Any CPU
		{527F1BF6-5223-4F68-8F30-ABB5ACE7A9B8}.Debug|x86.ActiveCfg = Debug|Any CPU
		{527F1BF6-5223-4F68-8F30-ABB5ACE7A9B8}.Debug|x86.Build.0 = Debug|Any CPU
		{527F1BF6-5223-4F68-8F30-ABB5ACE7A9B8}.Release|Any CPU.ActiveCfg = Release|Any CPU
		{527F1BF6-5223-4F68-8F30-ABB5ACE7A9B8}.Release|Any CPU.Build.0 = Release|Any CPU
		{527F1BF6-5223-4F68-8F30-ABB5ACE7A9B8}.Release|x64.ActiveCfg = Release|Any CPU
		{527F1BF6-5223-4F68-8F30-ABB5ACE7A9B8}.Release|x64.Build.0 = Release|Any CPU
		{527F1BF6-5223-4F68-8F30-ABB5ACE7A9B8}.Release|x86.ActiveCfg = Release|Any CPU
		{527F1BF6-5223-4F68-8F30-ABB5ACE7A9B8}.Release|x86.Build.0 = Release|Any CPU
		{5191EB33-545E-4A02-8392-092626D66ECC}.Debug|Any CPU.ActiveCfg = Debug|Any CPU
		{5191EB33-545E-4A02-8392-092626D66ECC}.Debug|Any CPU.Build.0 = Debug|Any CPU
		{5191EB33-545E-4A02-8392-092626D66ECC}.Debug|x64.ActiveCfg = Debug|Any CPU
		{5191EB33-545E-4A02-8392-092626D66ECC}.Debug|x64.Build.0 = Debug|Any CPU
		{5191EB33-545E-4A02-8392-092626D66ECC}.Debug|x86.ActiveCfg = Debug|Any CPU
		{5191EB33-545E-4A02-8392-092626D66ECC}.Debug|x86.Build.0 = Debug|Any CPU
		{5191EB33-545E-4A02-8392-092626D66ECC}.Release|Any CPU.ActiveCfg = Release|Any CPU
		{5191EB33-545E-4A02-8392-092626D66ECC}.Release|Any CPU.Build.0 = Release|Any CPU
		{5191EB33-545E-4A02-8392-092626D66ECC}.Release|x64.ActiveCfg = Release|Any CPU
		{5191EB33-545E-4A02-8392-092626D66ECC}.Release|x64.Build.0 = Release|Any CPU
		{5191EB33-545E-4A02-8392-092626D66ECC}.Release|x86.ActiveCfg = Release|Any CPU
		{5191EB33-545E-4A02-8392-092626D66ECC}.Release|x86.Build.0 = Release|Any CPU
		{BD0F4456-23C8-4C41-ADC9-E03082186C25}.Debug|Any CPU.ActiveCfg = Debug|Any CPU
		{BD0F4456-23C8-4C41-ADC9-E03082186C25}.Debug|Any CPU.Build.0 = Debug|Any CPU
		{BD0F4456-23C8-4C41-ADC9-E03082186C25}.Debug|x64.ActiveCfg = Debug|Any CPU
		{BD0F4456-23C8-4C41-ADC9-E03082186C25}.Debug|x64.Build.0 = Debug|Any CPU
		{BD0F4456-23C8-4C41-ADC9-E03082186C25}.Debug|x86.ActiveCfg = Debug|Any CPU
		{BD0F4456-23C8-4C41-ADC9-E03082186C25}.Debug|x86.Build.0 = Debug|Any CPU
		{BD0F4456-23C8-4C41-ADC9-E03082186C25}.Release|Any CPU.ActiveCfg = Release|Any CPU
		{BD0F4456-23C8-4C41-ADC9-E03082186C25}.Release|Any CPU.Build.0 = Release|Any CPU
		{BD0F4456-23C8-4C41-ADC9-E03082186C25}.Release|x64.ActiveCfg = Release|Any CPU
		{BD0F4456-23C8-4C41-ADC9-E03082186C25}.Release|x64.Build.0 = Release|Any CPU
		{BD0F4456-23C8-4C41-ADC9-E03082186C25}.Release|x86.ActiveCfg = Release|Any CPU
		{BD0F4456-23C8-4C41-ADC9-E03082186C25}.Release|x86.Build.0 = Release|Any CPU
		{21A91284-5ACB-4F7B-A95A-E6E2F9DF33A0}.Debug|Any CPU.ActiveCfg = Debug|Any CPU
		{21A91284-5ACB-4F7B-A95A-E6E2F9DF33A0}.Debug|Any CPU.Build.0 = Debug|Any CPU
		{21A91284-5ACB-4F7B-A95A-E6E2F9DF33A0}.Debug|x64.ActiveCfg = Debug|Any CPU
		{21A91284-5ACB-4F7B-A95A-E6E2F9DF33A0}.Debug|x64.Build.0 = Debug|Any CPU
		{21A91284-5ACB-4F7B-A95A-E6E2F9DF33A0}.Debug|x86.ActiveCfg = Debug|Any CPU
		{21A91284-5ACB-4F7B-A95A-E6E2F9DF33A0}.Debug|x86.Build.0 = Debug|Any CPU
		{21A91284-5ACB-4F7B-A95A-E6E2F9DF33A0}.Release|Any CPU.ActiveCfg = Release|Any CPU
		{21A91284-5ACB-4F7B-A95A-E6E2F9DF33A0}.Release|Any CPU.Build.0 = Release|Any CPU
		{21A91284-5ACB-4F7B-A95A-E6E2F9DF33A0}.Release|x64.ActiveCfg = Release|Any CPU
		{21A91284-5ACB-4F7B-A95A-E6E2F9DF33A0}.Release|x64.Build.0 = Release|Any CPU
		{21A91284-5ACB-4F7B-A95A-E6E2F9DF33A0}.Release|x86.ActiveCfg = Release|Any CPU
		{21A91284-5ACB-4F7B-A95A-E6E2F9DF33A0}.Release|x86.Build.0 = Release|Any CPU
		{EE3E45F9-7E26-48EB-9FC2-53E187C2EB7E}.Debug|Any CPU.ActiveCfg = Debug|Any CPU
		{EE3E45F9-7E26-48EB-9FC2-53E187C2EB7E}.Debug|Any CPU.Build.0 = Debug|Any CPU
		{EE3E45F9-7E26-48EB-9FC2-53E187C2EB7E}.Debug|x64.ActiveCfg = Debug|Any CPU
		{EE3E45F9-7E26-48EB-9FC2-53E187C2EB7E}.Debug|x64.Build.0 = Debug|Any CPU
		{EE3E45F9-7E26-48EB-9FC2-53E187C2EB7E}.Debug|x86.ActiveCfg = Debug|Any CPU
		{EE3E45F9-7E26-48EB-9FC2-53E187C2EB7E}.Debug|x86.Build.0 = Debug|Any CPU
		{EE3E45F9-7E26-48EB-9FC2-53E187C2EB7E}.Release|Any CPU.ActiveCfg = Release|Any CPU
		{EE3E45F9-7E26-48EB-9FC2-53E187C2EB7E}.Release|Any CPU.Build.0 = Release|Any CPU
		{EE3E45F9-7E26-48EB-9FC2-53E187C2EB7E}.Release|x64.ActiveCfg = Release|Any CPU
		{EE3E45F9-7E26-48EB-9FC2-53E187C2EB7E}.Release|x64.Build.0 = Release|Any CPU
		{EE3E45F9-7E26-48EB-9FC2-53E187C2EB7E}.Release|x86.ActiveCfg = Release|Any CPU
		{EE3E45F9-7E26-48EB-9FC2-53E187C2EB7E}.Release|x86.Build.0 = Release|Any CPU
		{144B6835-C87E-4D77-97FF-F55F45EF1D3D}.Debug|Any CPU.ActiveCfg = Debug|Any CPU
		{144B6835-C87E-4D77-97FF-F55F45EF1D3D}.Debug|Any CPU.Build.0 = Debug|Any CPU
		{144B6835-C87E-4D77-97FF-F55F45EF1D3D}.Debug|x64.ActiveCfg = Debug|Any CPU
		{144B6835-C87E-4D77-97FF-F55F45EF1D3D}.Debug|x64.Build.0 = Debug|Any CPU
		{144B6835-C87E-4D77-97FF-F55F45EF1D3D}.Debug|x86.ActiveCfg = Debug|Any CPU
		{144B6835-C87E-4D77-97FF-F55F45EF1D3D}.Debug|x86.Build.0 = Debug|Any CPU
		{144B6835-C87E-4D77-97FF-F55F45EF1D3D}.Release|Any CPU.ActiveCfg = Release|Any CPU
		{144B6835-C87E-4D77-97FF-F55F45EF1D3D}.Release|Any CPU.Build.0 = Release|Any CPU
		{144B6835-C87E-4D77-97FF-F55F45EF1D3D}.Release|x64.ActiveCfg = Release|Any CPU
		{144B6835-C87E-4D77-97FF-F55F45EF1D3D}.Release|x64.Build.0 = Release|Any CPU
		{144B6835-C87E-4D77-97FF-F55F45EF1D3D}.Release|x86.ActiveCfg = Release|Any CPU
		{144B6835-C87E-4D77-97FF-F55F45EF1D3D}.Release|x86.Build.0 = Release|Any CPU
		{A4C040D1-1EE0-41D3-B965-665574AAD405}.Debug|Any CPU.ActiveCfg = Debug|Any CPU
		{A4C040D1-1EE0-41D3-B965-665574AAD405}.Debug|Any CPU.Build.0 = Debug|Any CPU
		{A4C040D1-1EE0-41D3-B965-665574AAD405}.Debug|x64.ActiveCfg = Debug|Any CPU
		{A4C040D1-1EE0-41D3-B965-665574AAD405}.Debug|x64.Build.0 = Debug|Any CPU
		{A4C040D1-1EE0-41D3-B965-665574AAD405}.Debug|x86.ActiveCfg = Debug|Any CPU
		{A4C040D1-1EE0-41D3-B965-665574AAD405}.Debug|x86.Build.0 = Debug|Any CPU
		{A4C040D1-1EE0-41D3-B965-665574AAD405}.Release|Any CPU.ActiveCfg = Release|Any CPU
		{A4C040D1-1EE0-41D3-B965-665574AAD405}.Release|Any CPU.Build.0 = Release|Any CPU
		{A4C040D1-1EE0-41D3-B965-665574AAD405}.Release|x64.ActiveCfg = Release|Any CPU
		{A4C040D1-1EE0-41D3-B965-665574AAD405}.Release|x64.Build.0 = Release|Any CPU
		{A4C040D1-1EE0-41D3-B965-665574AAD405}.Release|x86.ActiveCfg = Release|Any CPU
		{A4C040D1-1EE0-41D3-B965-665574AAD405}.Release|x86.Build.0 = Release|Any CPU
		{8ADA7ACC-0A8D-44F6-A15B-2DE01CB7BDEE}.Debug|Any CPU.ActiveCfg = Debug|Any CPU
		{8ADA7ACC-0A8D-44F6-A15B-2DE01CB7BDEE}.Debug|Any CPU.Build.0 = Debug|Any CPU
		{8ADA7ACC-0A8D-44F6-A15B-2DE01CB7BDEE}.Debug|x64.ActiveCfg = Debug|Any CPU
		{8ADA7ACC-0A8D-44F6-A15B-2DE01CB7BDEE}.Debug|x64.Build.0 = Debug|Any CPU
		{8ADA7ACC-0A8D-44F6-A15B-2DE01CB7BDEE}.Debug|x86.ActiveCfg = Debug|Any CPU
		{8ADA7ACC-0A8D-44F6-A15B-2DE01CB7BDEE}.Debug|x86.Build.0 = Debug|Any CPU
		{8ADA7ACC-0A8D-44F6-A15B-2DE01CB7BDEE}.Release|Any CPU.ActiveCfg = Release|Any CPU
		{8ADA7ACC-0A8D-44F6-A15B-2DE01CB7BDEE}.Release|Any CPU.Build.0 = Release|Any CPU
		{8ADA7ACC-0A8D-44F6-A15B-2DE01CB7BDEE}.Release|x64.ActiveCfg = Release|Any CPU
		{8ADA7ACC-0A8D-44F6-A15B-2DE01CB7BDEE}.Release|x64.Build.0 = Release|Any CPU
		{8ADA7ACC-0A8D-44F6-A15B-2DE01CB7BDEE}.Release|x86.ActiveCfg = Release|Any CPU
		{8ADA7ACC-0A8D-44F6-A15B-2DE01CB7BDEE}.Release|x86.Build.0 = Release|Any CPU
	EndGlobalSection
	GlobalSection(SolutionProperties) = preSolution
		HideSolutionNode = FALSE
	EndGlobalSection
	GlobalSection(NestedProjects) = preSolution
		{0715B0EC-ED30-4A62-ABD4-FFEF5AC5AD30} = {827E0CD3-B72D-47B6-A68D-7590B98EB39B}
		{429E5281-DA07-4922-A269-3522FCBAC063} = {827E0CD3-B72D-47B6-A68D-7590B98EB39B}
		{5D4CFC5A-2A03-48E3-A1E1-0D98372DB0D3} = {827E0CD3-B72D-47B6-A68D-7590B98EB39B}
		{527F1BF6-5223-4F68-8F30-ABB5ACE7A9B8} = {0AB3BF05-4346-4AA6-1389-037BE0695223}
		{5191EB33-545E-4A02-8392-092626D66ECC} = {0AB3BF05-4346-4AA6-1389-037BE0695223}
		{BD0F4456-23C8-4C41-ADC9-E03082186C25} = {827E0CD3-B72D-47B6-A68D-7590B98EB39B}
		{21A91284-5ACB-4F7B-A95A-E6E2F9DF33A0} = {0AB3BF05-4346-4AA6-1389-037BE0695223}
		{EE3E45F9-7E26-48EB-9FC2-53E187C2EB7E} = {827E0CD3-B72D-47B6-A68D-7590B98EB39B}
		{144B6835-C87E-4D77-97FF-F55F45EF1D3D} = {0AB3BF05-4346-4AA6-1389-037BE0695223}
		{A4C040D1-1EE0-41D3-B965-665574AAD405} = {827E0CD3-B72D-47B6-A68D-7590B98EB39B}
		{8ADA7ACC-0A8D-44F6-A15B-2DE01CB7BDEE} = {827E0CD3-B72D-47B6-A68D-7590B98EB39B}
	EndGlobalSection
EndGlobal
